// !$*UTF8*$!
{
	archiveVersion = 1;
	classes = {
	};
	objectVersion = 46;
	objects = {

/* Begin PBXBuildFile section */
		CA747D5F10B48B3A880C7651 /* libPods.a in Frameworks */ = {isa = PBXBuildFile; fileRef = DC06CC7A94234D9E16E26D1C /* libPods.a */; };
		CE06A2001B31F7C5000D3210 /* Bolts.framework in Frameworks */ = {isa = PBXBuildFile; fileRef = CE06A1FA1B31F7C5000D3210 /* Bolts.framework */; };
		CE06A2011B31F7C5000D3210 /* Parse.framework in Frameworks */ = {isa = PBXBuildFile; fileRef = CE06A1FB1B31F7C5000D3210 /* Parse.framework */; };
		CE06A2021B31F7C5000D3210 /* ParseCrashReporting.framework in Frameworks */ = {isa = PBXBuildFile; fileRef = CE06A1FC1B31F7C5000D3210 /* ParseCrashReporting.framework */; };
		CE06A2041B31F7C5000D3210 /* ParseFacebookUtilsV4.framework in Frameworks */ = {isa = PBXBuildFile; fileRef = CE06A1FE1B31F7C5000D3210 /* ParseFacebookUtilsV4.framework */; };
		CE06A2051B31F7C5000D3210 /* ParseUI.framework in Frameworks */ = {isa = PBXBuildFile; fileRef = CE06A1FF1B31F7C5000D3210 /* ParseUI.framework */; };
		CE14A8AA1B211B7B0032664C /* SignUpViewController.m in Sources */ = {isa = PBXBuildFile; fileRef = CE14A8A91B211B7A0032664C /* SignUpViewController.m */; };
		CE14A8AD1B2227C60032664C /* LogInViewController.m in Sources */ = {isa = PBXBuildFile; fileRef = CE14A8AC1B2227C60032664C /* LogInViewController.m */; };
		CE14A8B31B22D20B0032664C /* TweetTableViewDemoTableViewController.m in Sources */ = {isa = PBXBuildFile; fileRef = CE14A8B21B22D20B0032664C /* TweetTableViewDemoTableViewController.m */; };
		CE20296F1B363668005C079B /* libstdc++.6.0.9.dylib in Frameworks */ = {isa = PBXBuildFile; fileRef = CE20296E1B363668005C079B /* libstdc++.6.0.9.dylib */; };
		CE2029721B363D51005C079B /* CongressFinderAPI.m in Sources */ = {isa = PBXBuildFile; fileRef = CE2029711B363D51005C079B /* CongressFinderAPI.m */; };
		CE241A421AEAE45A00F22144 /* main.m in Sources */ = {isa = PBXBuildFile; fileRef = CE241A411AEAE45A00F22144 /* main.m */; };
		CE241A451AEAE45A00F22144 /* AppDelegate.m in Sources */ = {isa = PBXBuildFile; fileRef = CE241A441AEAE45A00F22144 /* AppDelegate.m */; };
		CE241A481AEAE45A00F22144 /* Oingo.xcdatamodeld in Sources */ = {isa = PBXBuildFile; fileRef = CE241A461AEAE45A00F22144 /* Oingo.xcdatamodeld */; };
		CE241A4E1AEAE45A00F22144 /* Main.storyboard in Resources */ = {isa = PBXBuildFile; fileRef = CE241A4C1AEAE45A00F22144 /* Main.storyboard */; };
		CE241A501AEAE45A00F22144 /* Images.xcassets in Resources */ = {isa = PBXBuildFile; fileRef = CE241A4F1AEAE45A00F22144 /* Images.xcassets */; };
		CE241A531AEAE45A00F22144 /* LaunchScreen.xib in Resources */ = {isa = PBXBuildFile; fileRef = CE241A511AEAE45A00F22144 /* LaunchScreen.xib */; };
		CE241A5F1AEAE45A00F22144 /* OingoTests.m in Sources */ = {isa = PBXBuildFile; fileRef = CE241A5E1AEAE45A00F22144 /* OingoTests.m */; };
		CE2BD37D1B007FB30053A1B3 /* monsantocorngrenade.png in Resources */ = {isa = PBXBuildFile; fileRef = CE2BD37C1B007FB30053A1B3 /* monsantocorngrenade.png */; };
		CE2BF96C1B3E2CCC00AB15AC /* TempUser.m in Sources */ = {isa = PBXBuildFile; fileRef = CE2BF96B1B3E2CCC00AB15AC /* TempUser.m */; };
		CE2BF96F1B3E517700AB15AC /* MakePhoneCallAPI.m in Sources */ = {isa = PBXBuildFile; fileRef = CE2BF96E1B3E517700AB15AC /* MakePhoneCallAPI.m */; };
		CE2BF9741B3E595000AB15AC /* MessageUI.framework in Frameworks */ = {isa = PBXBuildFile; fileRef = CE2BF9731B3E595000AB15AC /* MessageUI.framework */; };
		CE2BF9771B3E5A1700AB15AC /* EmailComposerViewController.m in Sources */ = {isa = PBXBuildFile; fileRef = CE2BF9761B3E5A1700AB15AC /* EmailComposerViewController.m */; };
		CE395D881AED5790006786C0 /* twittericon320.png in Resources */ = {isa = PBXBuildFile; fileRef = CE395D871AED5790006786C0 /* twittericon320.png */; };
		CE46B1381B043A8000A4D671 /* blue_arrow_png_by_maddielovesselly-d4ys3ti (1).png in Resources */ = {isa = PBXBuildFile; fileRef = CE46B1371B043A8000A4D671 /* blue_arrow_png_by_maddielovesselly-d4ys3ti (1).png */; };
		CE46B13A1B044D5F00A4D671 /* greyarrow.png in Resources */ = {isa = PBXBuildFile; fileRef = CE46B1391B044D5F00A4D671 /* greyarrow.png */; };
		CE46B13C1B044DF300A4D671 /* blackborder.png in Resources */ = {isa = PBXBuildFile; fileRef = CE46B13B1B044DF300A4D671 /* blackborder.png */; };
		CE46B13E1B044EA700A4D671 /* carousell-borderblack.png in Resources */ = {isa = PBXBuildFile; fileRef = CE46B13D1B044EA700A4D671 /* carousell-borderblack.png */; };
		CE5B5D0E1AF95A740033A668 /* ProgramDetailTableViewCell.m in Sources */ = {isa = PBXBuildFile; fileRef = CE5B5D0D1AF95A740033A668 /* ProgramDetailTableViewCell.m */; };
		CE6073291B3A85EB007B567C /* mail-icon-gray.png in Resources */ = {isa = PBXBuildFile; fileRef = CE6073281B3A85EB007B567C /* mail-icon-gray.png */; };
		CE60732B1B3A88FD007B567C /* phone-gray.png in Resources */ = {isa = PBXBuildFile; fileRef = CE60732A1B3A88FD007B567C /* phone-gray.png */; };
		CE60732D1B3A8CAC007B567C /* document-xxl.png in Resources */ = {isa = PBXBuildFile; fileRef = CE60732C1B3A8CAC007B567C /* document-xxl.png */; };
		CE6073331B3AD475007B567C /* CongressPhotoFinderAPI.m in Sources */ = {isa = PBXBuildFile; fileRef = CE6073321B3AD475007B567C /* CongressPhotoFinderAPI.m */; };
		CE6F71F01B2923380067E4DA /* FBSDKShareKit.framework in Frameworks */ = {isa = PBXBuildFile; fileRef = CE6F71EF1B2923380067E4DA /* FBSDKShareKit.framework */; };
		CE6F71F41B2BCA9E0067E4DA /* SettingsTableViewController.m in Sources */ = {isa = PBXBuildFile; fileRef = CE6F71F31B2BCA9E0067E4DA /* SettingsTableViewController.m */; };
		CE80B5D61AFC0EFB007D69FB /* dailyshow6cover.png in Resources */ = {isa = PBXBuildFile; fileRef = CE80B5D51AFC0EFB007D69FB /* dailyshow6cover.png */; };
		CE82943D1B38DB7C00B596E6 /* CongressionalMessageItem.m in Sources */ = {isa = PBXBuildFile; fileRef = CE82943C1B38DB7C00B596E6 /* CongressionalMessageItem.m */; };
		CE87CABE1AF977120084C666 /* Campaign.m in Sources */ = {isa = PBXBuildFile; fileRef = CE87CABD1AF977120084C666 /* Campaign.m */; };
		CE87CAC01AF9945B0084C666 /* last-night-660x330.png in Resources */ = {isa = PBXBuildFile; fileRef = CE87CABF1AF9945B0084C666 /* last-night-660x330.png */; };
		CE87CAC21AF9B2570084C666 /* vicegasmask.png in Resources */ = {isa = PBXBuildFile; fileRef = CE87CAC11AF9B2570084C666 /* vicegasmask.png */; };
		CE87CAC41AF9B5DE0084C666 /* vicecoverphoto.png in Resources */ = {isa = PBXBuildFile; fileRef = CE87CAC31AF9B5DE0084C666 /* vicecoverphoto.png */; };
		CE87CAC61AF9B5F30084C666 /* lastweektonightcoverphoto.png in Resources */ = {isa = PBXBuildFile; fileRef = CE87CAC51AF9B5F30084C666 /* lastweektonightcoverphoto.png */; };
		CE87CAC91AFAB9B70084C666 /* ProgramsTableViewCell.m in Sources */ = {isa = PBXBuildFile; fileRef = CE87CAC81AFAB9B70084C666 /* ProgramsTableViewCell.m */; };
		CE87CACC1AFABA920084C666 /* Program.m in Sources */ = {isa = PBXBuildFile; fileRef = CE87CACB1AFABA920084C666 /* Program.m */; };
		CEA79FCA1AEB7CCC00535B06 /* brainwash80.png in Resources */ = {isa = PBXBuildFile; fileRef = CEA79FC91AEB7CCC00535B06 /* brainwash80.png */; };
		CEA79FCC1AEB942E00535B06 /* brainwash120.png in Resources */ = {isa = PBXBuildFile; fileRef = CEA79FCB1AEB942E00535B06 /* brainwash120.png */; };
		CEA79FCE1AEB94D900535B06 /* brainwash58.png in Resources */ = {isa = PBXBuildFile; fileRef = CEA79FCD1AEB94D900535B06 /* brainwash58.png */; };
		CEA79FD01AEB954200535B06 /* brainwash40.png in Resources */ = {isa = PBXBuildFile; fileRef = CEA79FCF1AEB954200535B06 /* brainwash40.png */; };
		CEA79FD61AEC7C0D00535B06 /* ProgramsTableViewController.m in Sources */ = {isa = PBXBuildFile; fileRef = CEA79FD51AEC7C0D00535B06 /* ProgramsTableViewController.m */; };
		CEB187911B18F8C400C86955 /* MessageOptionsTableTableViewController.m in Sources */ = {isa = PBXBuildFile; fileRef = CEB187901B18F8C400C86955 /* MessageOptionsTableTableViewController.m */; };
		CEB187941B18FAD600C86955 /* MessageOptionsTableViewCell.m in Sources */ = {isa = PBXBuildFile; fileRef = CEB187931B18FAD600C86955 /* MessageOptionsTableViewCell.m */; };
		CEB4ED8E1AF8305E0055D547 /* ProgramDetailTableViewController.m in Sources */ = {isa = PBXBuildFile; fileRef = CEB4ED8D1AF8305E0055D547 /* ProgramDetailTableViewController.m */; };
		CED419DD1AED690100885470 /* CampaignViewController.m in Sources */ = {isa = PBXBuildFile; fileRef = CED419DC1AED690100885470 /* CampaignViewController.m */; };
		CEE04B9A1B34B9EC00AAF8EA /* lightGrayButtonBackground.png in Resources */ = {isa = PBXBuildFile; fileRef = CEE04B991B34B9EC00AAF8EA /* lightGrayButtonBackground.png */; };
		CEE04B9C1B34C43900AAF8EA /* location-gray.png in Resources */ = {isa = PBXBuildFile; fileRef = CEE04B9B1B34C43900AAF8EA /* location-gray.png */; };
		CEED9BD41AF4160300402BC2 /* Accounts.framework in Frameworks */ = {isa = PBXBuildFile; fileRef = CE395D851AED5422006786C0 /* Accounts.framework */; };
		CEED9BD51AF4165400402BC2 /* AudioToolbox.framework in Frameworks */ = {isa = PBXBuildFile; fileRef = CE40D7FF1AF382A5006F2D2E /* AudioToolbox.framework */; };
		CEED9BD61AF4166000402BC2 /* CoreGraphics.framework in Frameworks */ = {isa = PBXBuildFile; fileRef = CEA92FA11AF368590042D0EE /* CoreGraphics.framework */; };
		CEED9BD71AF4166A00402BC2 /* CoreLocation.framework in Frameworks */ = {isa = PBXBuildFile; fileRef = CEA92FAB1AF376C40042D0EE /* CoreLocation.framework */; };
		CEED9BD81AF4167C00402BC2 /* libz.1.1.3.dylib in Frameworks */ = {isa = PBXBuildFile; fileRef = CE40D8011AF382E0006F2D2E /* libz.1.1.3.dylib */; };
		CEED9BD91AF4168500402BC2 /* Social.framework in Frameworks */ = {isa = PBXBuildFile; fileRef = CEA79FDA1AECA88C00535B06 /* Social.framework */; };
		CEED9BDA1AF4168E00402BC2 /* CoreData.framework in Frameworks */ = {isa = PBXBuildFile; fileRef = CEA92F9E1AF3681E0042D0EE /* CoreData.framework */; };
		CEED9BDB1AF4168E00402BC2 /* Foundation.framework in Frameworks */ = {isa = PBXBuildFile; fileRef = CEA92F9C1AF367FA0042D0EE /* Foundation.framework */; };
		CEED9BDC1AF4168E00402BC2 /* UIKit.framework in Frameworks */ = {isa = PBXBuildFile; fileRef = CEA92F9A1AF367EE0042D0EE /* UIKit.framework */; };
		CEED9BDD1AF4168E00402BC2 /* SystemConfiguration.framework in Frameworks */ = {isa = PBXBuildFile; fileRef = CEA92FB51AF377050042D0EE /* SystemConfiguration.framework */; };
		CEED9BDE1AF4168E00402BC2 /* StoreKit.framework in Frameworks */ = {isa = PBXBuildFile; fileRef = CEA92FB31AF376F00042D0EE /* StoreKit.framework */; };
		CEED9BDF1AF4168E00402BC2 /* Security.framework in Frameworks */ = {isa = PBXBuildFile; fileRef = CEA92FB11AF376E40042D0EE /* Security.framework */; };
		CEED9BE01AF4168E00402BC2 /* QuartzCore.framework in Frameworks */ = {isa = PBXBuildFile; fileRef = CEA92FAF1AF376DE0042D0EE /* QuartzCore.framework */; };
		CEED9BE11AF4168E00402BC2 /* MobileCoreServices.framework in Frameworks */ = {isa = PBXBuildFile; fileRef = CEA92FAD1AF376CC0042D0EE /* MobileCoreServices.framework */; };
		CEED9BE21AF4168E00402BC2 /* CFNetwork.framework in Frameworks */ = {isa = PBXBuildFile; fileRef = CEA92FA91AF376B50042D0EE /* CFNetwork.framework */; };
		CEED9BE31AF4169100402BC2 /* Twitter.framework in Frameworks */ = {isa = PBXBuildFile; fileRef = CEED9BB61AF40A4000402BC2 /* Twitter.framework */; };
		CEED9BF11AF418AF00402BC2 /* libsqlite3.dylib in Frameworks */ = {isa = PBXBuildFile; fileRef = CEA92FB91AF377350042D0EE /* libsqlite3.dylib */; };
		CEEF25001B0114C900EFB257 /* monsanto nutrition facts.png in Resources */ = {isa = PBXBuildFile; fileRef = CEEF24FF1B0114C900EFB257 /* monsanto nutrition facts.png */; };
		CEEF25021B011A4B00EFB257 /* monsanto gas apple.png in Resources */ = {isa = PBXBuildFile; fileRef = CEEF25011B011A4B00EFB257 /* monsanto gas apple.png */; };
		CEEF25041B012FC600EFB257 /* robb frale profile.png in Resources */ = {isa = PBXBuildFile; fileRef = CEEF25031B012FC600EFB257 /* robb frale profile.png */; };
		CEEF25071B015ACA00EFB257 /* MessageTableViewController.m in Sources */ = {isa = PBXBuildFile; fileRef = CEEF25061B015ACA00EFB257 /* MessageTableViewController.m */; };
		CEEF25091B016D5400EFB257 /* tweet button.png in Resources */ = {isa = PBXBuildFile; fileRef = CEEF25081B016D5400EFB257 /* tweet button.png */; };
		CEEF250B1B0171BC00EFB257 /* Web-frame2.png in Resources */ = {isa = PBXBuildFile; fileRef = CEEF250A1B0171BC00EFB257 /* Web-frame2.png */; };
		CEEF250E1B017BAA00EFB257 /* MessageItem.m in Sources */ = {isa = PBXBuildFile; fileRef = CEEF250D1B017BAA00EFB257 /* MessageItem.m */; };
		CEEF25111B017C8200EFB257 /* MessageTableViewCell.m in Sources */ = {isa = PBXBuildFile; fileRef = CEEF25101B017C8200EFB257 /* MessageTableViewCell.m */; };
		CEF14C061B23AD6C00EC95A4 /* tweetButtonIconGray.png in Resources */ = {isa = PBXBuildFile; fileRef = CEF14C051B23AD6C00EC95A4 /* tweetButtonIconGray.png */; };
		CEF14C081B23AD7600EC95A4 /* facebookButtonIconGray.png in Resources */ = {isa = PBXBuildFile; fileRef = CEF14C071B23AD7600EC95A4 /* facebookButtonIconGray.png */; };
		CEF14C0C1B23B72C00EC95A4 /* FBSDKCoreKit.framework in Frameworks */ = {isa = PBXBuildFile; fileRef = CEF14C0B1B23B72C00EC95A4 /* FBSDKCoreKit.framework */; };
		CEF14C0E1B23BE5A00EC95A4 /* FBSDKLoginKit.framework in Frameworks */ = {isa = PBXBuildFile; fileRef = CEF14C0D1B23BE5A00EC95A4 /* FBSDKLoginKit.framework */; };
		CEF1C9011B0E7B79003EFAD1 /* WebViewController.m in Sources */ = {isa = PBXBuildFile; fileRef = CEF1C9001B0E7B79003EFAD1 /* WebViewController.m */; };
		CEFFDD951B141232005EEC86 /* Fabric.framework in Frameworks */ = {isa = PBXBuildFile; fileRef = CEFFDD911B141232005EEC86 /* Fabric.framework */; };
		CEFFDD961B141232005EEC86 /* TwitterKit.framework in Frameworks */ = {isa = PBXBuildFile; fileRef = CEFFDD921B141232005EEC86 /* TwitterKit.framework */; };
		CEFFDD971B141232005EEC86 /* TwitterKitResources.bundle in Resources */ = {isa = PBXBuildFile; fileRef = CEFFDD931B141232005EEC86 /* TwitterKitResources.bundle */; };
		CEFFDD981B141232005EEC86 /* TwitterCore.framework in Frameworks */ = {isa = PBXBuildFile; fileRef = CEFFDD941B141232005EEC86 /* TwitterCore.framework */; };
		CEFFDD9D1B151346005EEC86 /* Crashlytics.framework in Frameworks */ = {isa = PBXBuildFile; fileRef = CEFFDD9C1B151346005EEC86 /* Crashlytics.framework */; };
/* End PBXBuildFile section */

/* Begin PBXContainerItemProxy section */
		CE241A591AEAE45A00F22144 /* PBXContainerItemProxy */ = {
			isa = PBXContainerItemProxy;
			containerPortal = CE241A341AEAE45A00F22144 /* Project object */;
			proxyType = 1;
			remoteGlobalIDString = CE241A3B1AEAE45A00F22144;
			remoteInfo = Oingo;
		};
/* End PBXContainerItemProxy section */

/* Begin PBXFileReference section */
		5CE63C3D6F3FE7E1F15E9983 /* Pods.debug.xcconfig */ = {isa = PBXFileReference; includeInIndex = 1; lastKnownFileType = text.xcconfig; name = Pods.debug.xcconfig; path = "Pods/Target Support Files/Pods/Pods.debug.xcconfig"; sourceTree = "<group>"; };
		780012AA1BFB60E0EDD2FF35 /* Pods.release.xcconfig */ = {isa = PBXFileReference; includeInIndex = 1; lastKnownFileType = text.xcconfig; name = Pods.release.xcconfig; path = "Pods/Target Support Files/Pods/Pods.release.xcconfig"; sourceTree = "<group>"; };
		CE06A1FA1B31F7C5000D3210 /* Bolts.framework */ = {isa = PBXFileReference; lastKnownFileType = wrapper.framework; path = Bolts.framework; sourceTree = "<group>"; };
		CE06A1FB1B31F7C5000D3210 /* Parse.framework */ = {isa = PBXFileReference; lastKnownFileType = wrapper.framework; path = Parse.framework; sourceTree = "<group>"; };
		CE06A1FC1B31F7C5000D3210 /* ParseCrashReporting.framework */ = {isa = PBXFileReference; lastKnownFileType = wrapper.framework; path = ParseCrashReporting.framework; sourceTree = "<group>"; };
		CE06A1FE1B31F7C5000D3210 /* ParseFacebookUtilsV4.framework */ = {isa = PBXFileReference; lastKnownFileType = wrapper.framework; path = ParseFacebookUtilsV4.framework; sourceTree = "<group>"; };
		CE06A1FF1B31F7C5000D3210 /* ParseUI.framework */ = {isa = PBXFileReference; lastKnownFileType = wrapper.framework; path = ParseUI.framework; sourceTree = "<group>"; };
		CE14A8A81B211B7A0032664C /* SignUpViewController.h */ = {isa = PBXFileReference; fileEncoding = 4; lastKnownFileType = sourcecode.c.h; path = SignUpViewController.h; sourceTree = "<group>"; };
		CE14A8A91B211B7A0032664C /* SignUpViewController.m */ = {isa = PBXFileReference; fileEncoding = 4; lastKnownFileType = sourcecode.c.objc; path = SignUpViewController.m; sourceTree = "<group>"; };
		CE14A8AB1B2227C60032664C /* LogInViewController.h */ = {isa = PBXFileReference; fileEncoding = 4; lastKnownFileType = sourcecode.c.h; path = LogInViewController.h; sourceTree = "<group>"; };
		CE14A8AC1B2227C60032664C /* LogInViewController.m */ = {isa = PBXFileReference; fileEncoding = 4; lastKnownFileType = sourcecode.c.objc; path = LogInViewController.m; sourceTree = "<group>"; };
		CE14A8B11B22D20B0032664C /* TweetTableViewDemoTableViewController.h */ = {isa = PBXFileReference; fileEncoding = 4; lastKnownFileType = sourcecode.c.h; path = TweetTableViewDemoTableViewController.h; sourceTree = "<group>"; };
		CE14A8B21B22D20B0032664C /* TweetTableViewDemoTableViewController.m */ = {isa = PBXFileReference; fileEncoding = 4; lastKnownFileType = sourcecode.c.objc; path = TweetTableViewDemoTableViewController.m; sourceTree = "<group>"; };
		CE20296E1B363668005C079B /* libstdc++.6.0.9.dylib */ = {isa = PBXFileReference; lastKnownFileType = "compiled.mach-o.dylib"; name = "libstdc++.6.0.9.dylib"; path = "usr/lib/libstdc++.6.0.9.dylib"; sourceTree = SDKROOT; };
		CE2029701B363D51005C079B /* CongressFinderAPI.h */ = {isa = PBXFileReference; fileEncoding = 4; lastKnownFileType = sourcecode.c.h; path = CongressFinderAPI.h; sourceTree = "<group>"; };
		CE2029711B363D51005C079B /* CongressFinderAPI.m */ = {isa = PBXFileReference; fileEncoding = 4; lastKnownFileType = sourcecode.c.objc; path = CongressFinderAPI.m; sourceTree = "<group>"; };
		CE241A3C1AEAE45A00F22144 /* Oingo.app */ = {isa = PBXFileReference; explicitFileType = wrapper.application; includeInIndex = 0; path = Oingo.app; sourceTree = BUILT_PRODUCTS_DIR; };
		CE241A401AEAE45A00F22144 /* Info.plist */ = {isa = PBXFileReference; lastKnownFileType = text.plist.xml; path = Info.plist; sourceTree = "<group>"; };
		CE241A411AEAE45A00F22144 /* main.m */ = {isa = PBXFileReference; lastKnownFileType = sourcecode.c.objc; path = main.m; sourceTree = "<group>"; };
		CE241A431AEAE45A00F22144 /* AppDelegate.h */ = {isa = PBXFileReference; lastKnownFileType = sourcecode.c.h; path = AppDelegate.h; sourceTree = "<group>"; };
		CE241A441AEAE45A00F22144 /* AppDelegate.m */ = {isa = PBXFileReference; lastKnownFileType = sourcecode.c.objc; path = AppDelegate.m; sourceTree = "<group>"; };
		CE241A471AEAE45A00F22144 /* Oingo.xcdatamodel */ = {isa = PBXFileReference; lastKnownFileType = wrapper.xcdatamodel; path = Oingo.xcdatamodel; sourceTree = "<group>"; };
		CE241A4D1AEAE45A00F22144 /* Base */ = {isa = PBXFileReference; lastKnownFileType = file.storyboard; name = Base; path = Base.lproj/Main.storyboard; sourceTree = "<group>"; };
		CE241A4F1AEAE45A00F22144 /* Images.xcassets */ = {isa = PBXFileReference; lastKnownFileType = folder.assetcatalog; path = Images.xcassets; sourceTree = "<group>"; };
		CE241A521AEAE45A00F22144 /* Base */ = {isa = PBXFileReference; lastKnownFileType = file.xib; name = Base; path = Base.lproj/LaunchScreen.xib; sourceTree = "<group>"; };
		CE241A581AEAE45A00F22144 /* OingoTests.xctest */ = {isa = PBXFileReference; explicitFileType = wrapper.cfbundle; includeInIndex = 0; path = OingoTests.xctest; sourceTree = BUILT_PRODUCTS_DIR; };
		CE241A5D1AEAE45A00F22144 /* Info.plist */ = {isa = PBXFileReference; lastKnownFileType = text.plist.xml; path = Info.plist; sourceTree = "<group>"; };
		CE241A5E1AEAE45A00F22144 /* OingoTests.m */ = {isa = PBXFileReference; lastKnownFileType = sourcecode.c.objc; path = OingoTests.m; sourceTree = "<group>"; };
		CE2BD37C1B007FB30053A1B3 /* monsantocorngrenade.png */ = {isa = PBXFileReference; lastKnownFileType = image.png; name = monsantocorngrenade.png; path = Images/monsantocorngrenade.png; sourceTree = "<group>"; };
		CE2BF96A1B3E2CCC00AB15AC /* TempUser.h */ = {isa = PBXFileReference; fileEncoding = 4; lastKnownFileType = sourcecode.c.h; path = TempUser.h; sourceTree = "<group>"; };
		CE2BF96B1B3E2CCC00AB15AC /* TempUser.m */ = {isa = PBXFileReference; fileEncoding = 4; lastKnownFileType = sourcecode.c.objc; path = TempUser.m; sourceTree = "<group>"; };
		CE2BF96D1B3E517700AB15AC /* MakePhoneCallAPI.h */ = {isa = PBXFileReference; fileEncoding = 4; lastKnownFileType = sourcecode.c.h; path = MakePhoneCallAPI.h; sourceTree = "<group>"; };
		CE2BF96E1B3E517700AB15AC /* MakePhoneCallAPI.m */ = {isa = PBXFileReference; fileEncoding = 4; lastKnownFileType = sourcecode.c.objc; path = MakePhoneCallAPI.m; sourceTree = "<group>"; };
		CE2BF9731B3E595000AB15AC /* MessageUI.framework */ = {isa = PBXFileReference; lastKnownFileType = wrapper.framework; name = MessageUI.framework; path = System/Library/Frameworks/MessageUI.framework; sourceTree = SDKROOT; };
		CE2BF9751B3E5A1700AB15AC /* EmailComposerViewController.h */ = {isa = PBXFileReference; fileEncoding = 4; lastKnownFileType = sourcecode.c.h; path = EmailComposerViewController.h; sourceTree = "<group>"; };
		CE2BF9761B3E5A1700AB15AC /* EmailComposerViewController.m */ = {isa = PBXFileReference; fileEncoding = 4; lastKnownFileType = sourcecode.c.objc; path = EmailComposerViewController.m; sourceTree = "<group>"; };
		CE395D851AED5422006786C0 /* Accounts.framework */ = {isa = PBXFileReference; lastKnownFileType = wrapper.framework; name = Accounts.framework; path = System/Library/Frameworks/Accounts.framework; sourceTree = SDKROOT; };
		CE395D871AED5790006786C0 /* twittericon320.png */ = {isa = PBXFileReference; lastKnownFileType = image.png; name = twittericon320.png; path = Images/twittericon320.png; sourceTree = "<group>"; };
		CE40D7FF1AF382A5006F2D2E /* AudioToolbox.framework */ = {isa = PBXFileReference; lastKnownFileType = wrapper.framework; name = AudioToolbox.framework; path = System/Library/Frameworks/AudioToolbox.framework; sourceTree = SDKROOT; };
		CE40D8011AF382E0006F2D2E /* libz.1.1.3.dylib */ = {isa = PBXFileReference; lastKnownFileType = "compiled.mach-o.dylib"; name = libz.1.1.3.dylib; path = usr/lib/libz.1.1.3.dylib; sourceTree = SDKROOT; };
		CE46B1371B043A8000A4D671 /* blue_arrow_png_by_maddielovesselly-d4ys3ti (1).png */ = {isa = PBXFileReference; lastKnownFileType = image.png; path = "blue_arrow_png_by_maddielovesselly-d4ys3ti (1).png"; sourceTree = "<group>"; };
		CE46B1391B044D5F00A4D671 /* greyarrow.png */ = {isa = PBXFileReference; lastKnownFileType = image.png; path = greyarrow.png; sourceTree = "<group>"; };
		CE46B13B1B044DF300A4D671 /* blackborder.png */ = {isa = PBXFileReference; lastKnownFileType = image.png; path = blackborder.png; sourceTree = "<group>"; };
		CE46B13D1B044EA700A4D671 /* carousell-borderblack.png */ = {isa = PBXFileReference; lastKnownFileType = image.png; path = "carousell-borderblack.png"; sourceTree = "<group>"; };
		CE5B5D0C1AF95A740033A668 /* ProgramDetailTableViewCell.h */ = {isa = PBXFileReference; fileEncoding = 4; lastKnownFileType = sourcecode.c.h; name = ProgramDetailTableViewCell.h; path = ../ProgramDetailTableViewCell.h; sourceTree = "<group>"; };
		CE5B5D0D1AF95A740033A668 /* ProgramDetailTableViewCell.m */ = {isa = PBXFileReference; fileEncoding = 4; lastKnownFileType = sourcecode.c.objc; name = ProgramDetailTableViewCell.m; path = ../ProgramDetailTableViewCell.m; sourceTree = "<group>"; };
		CE6073281B3A85EB007B567C /* mail-icon-gray.png */ = {isa = PBXFileReference; lastKnownFileType = image.png; name = "mail-icon-gray.png"; path = "Images/mail-icon-gray.png"; sourceTree = "<group>"; };
		CE60732A1B3A88FD007B567C /* phone-gray.png */ = {isa = PBXFileReference; lastKnownFileType = image.png; name = "phone-gray.png"; path = "Images/phone-gray.png"; sourceTree = "<group>"; };
		CE60732C1B3A8CAC007B567C /* document-xxl.png */ = {isa = PBXFileReference; lastKnownFileType = image.png; name = "document-xxl.png"; path = "Images/document-xxl.png"; sourceTree = "<group>"; };
		CE6073311B3AD475007B567C /* CongressPhotoFinderAPI.h */ = {isa = PBXFileReference; fileEncoding = 4; lastKnownFileType = sourcecode.c.h; path = CongressPhotoFinderAPI.h; sourceTree = "<group>"; };
		CE6073321B3AD475007B567C /* CongressPhotoFinderAPI.m */ = {isa = PBXFileReference; fileEncoding = 4; lastKnownFileType = sourcecode.c.objc; path = CongressPhotoFinderAPI.m; sourceTree = "<group>"; };
		CE6F71EF1B2923380067E4DA /* FBSDKShareKit.framework */ = {isa = PBXFileReference; lastKnownFileType = wrapper.framework; name = FBSDKShareKit.framework; path = ../../../Documents/FacebookSDK/FBSDKShareKit.framework; sourceTree = "<group>"; };
		CE6F71F21B2BCA9E0067E4DA /* SettingsTableViewController.h */ = {isa = PBXFileReference; fileEncoding = 4; lastKnownFileType = sourcecode.c.h; path = SettingsTableViewController.h; sourceTree = "<group>"; };
		CE6F71F31B2BCA9E0067E4DA /* SettingsTableViewController.m */ = {isa = PBXFileReference; fileEncoding = 4; lastKnownFileType = sourcecode.c.objc; path = SettingsTableViewController.m; sourceTree = "<group>"; };
		CE80B5D51AFC0EFB007D69FB /* dailyshow6cover.png */ = {isa = PBXFileReference; lastKnownFileType = image.png; name = dailyshow6cover.png; path = Images/dailyshow6cover.png; sourceTree = "<group>"; };
		CE82943B1B38DB7C00B596E6 /* CongressionalMessageItem.h */ = {isa = PBXFileReference; fileEncoding = 4; lastKnownFileType = sourcecode.c.h; path = CongressionalMessageItem.h; sourceTree = "<group>"; };
		CE82943C1B38DB7C00B596E6 /* CongressionalMessageItem.m */ = {isa = PBXFileReference; fileEncoding = 4; lastKnownFileType = sourcecode.c.objc; path = CongressionalMessageItem.m; sourceTree = "<group>"; };
		CE87CABC1AF977120084C666 /* Campaign.h */ = {isa = PBXFileReference; fileEncoding = 4; lastKnownFileType = sourcecode.c.h; path = Campaign.h; sourceTree = "<group>"; };
		CE87CABD1AF977120084C666 /* Campaign.m */ = {isa = PBXFileReference; fileEncoding = 4; lastKnownFileType = sourcecode.c.objc; path = Campaign.m; sourceTree = "<group>"; };
		CE87CABF1AF9945B0084C666 /* last-night-660x330.png */ = {isa = PBXFileReference; lastKnownFileType = image.png; name = "last-night-660x330.png"; path = "Images/last-night-660x330.png"; sourceTree = "<group>"; };
		CE87CAC11AF9B2570084C666 /* vicegasmask.png */ = {isa = PBXFileReference; lastKnownFileType = image.png; name = vicegasmask.png; path = Images/vicegasmask.png; sourceTree = "<group>"; };
		CE87CAC31AF9B5DE0084C666 /* vicecoverphoto.png */ = {isa = PBXFileReference; lastKnownFileType = image.png; name = vicecoverphoto.png; path = Images/vicecoverphoto.png; sourceTree = "<group>"; };
		CE87CAC51AF9B5F30084C666 /* lastweektonightcoverphoto.png */ = {isa = PBXFileReference; lastKnownFileType = image.png; name = lastweektonightcoverphoto.png; path = Images/lastweektonightcoverphoto.png; sourceTree = "<group>"; };
		CE87CAC71AFAB9B70084C666 /* ProgramsTableViewCell.h */ = {isa = PBXFileReference; fileEncoding = 4; lastKnownFileType = sourcecode.c.h; path = ProgramsTableViewCell.h; sourceTree = "<group>"; };
		CE87CAC81AFAB9B70084C666 /* ProgramsTableViewCell.m */ = {isa = PBXFileReference; fileEncoding = 4; lastKnownFileType = sourcecode.c.objc; path = ProgramsTableViewCell.m; sourceTree = "<group>"; };
		CE87CACA1AFABA920084C666 /* Program.h */ = {isa = PBXFileReference; fileEncoding = 4; lastKnownFileType = sourcecode.c.h; path = Program.h; sourceTree = "<group>"; };
		CE87CACB1AFABA920084C666 /* Program.m */ = {isa = PBXFileReference; fileEncoding = 4; lastKnownFileType = sourcecode.c.objc; path = Program.m; sourceTree = "<group>"; };
		CEA79FC91AEB7CCC00535B06 /* brainwash80.png */ = {isa = PBXFileReference; lastKnownFileType = image.png; name = brainwash80.png; path = Images/brainwash80.png; sourceTree = "<group>"; };
		CEA79FCB1AEB942E00535B06 /* brainwash120.png */ = {isa = PBXFileReference; lastKnownFileType = image.png; name = brainwash120.png; path = Images/brainwash120.png; sourceTree = "<group>"; };
		CEA79FCD1AEB94D900535B06 /* brainwash58.png */ = {isa = PBXFileReference; lastKnownFileType = image.png; name = brainwash58.png; path = Images/brainwash58.png; sourceTree = "<group>"; };
		CEA79FCF1AEB954200535B06 /* brainwash40.png */ = {isa = PBXFileReference; lastKnownFileType = image.png; name = brainwash40.png; path = Images/brainwash40.png; sourceTree = "<group>"; };
		CEA79FD41AEC7C0D00535B06 /* ProgramsTableViewController.h */ = {isa = PBXFileReference; fileEncoding = 4; lastKnownFileType = sourcecode.c.h; name = ProgramsTableViewController.h; path = ../ProgramsTableViewController.h; sourceTree = "<group>"; };
		CEA79FD51AEC7C0D00535B06 /* ProgramsTableViewController.m */ = {isa = PBXFileReference; fileEncoding = 4; lastKnownFileType = sourcecode.c.objc; name = ProgramsTableViewController.m; path = ../ProgramsTableViewController.m; sourceTree = "<group>"; };
		CEA79FDA1AECA88C00535B06 /* Social.framework */ = {isa = PBXFileReference; lastKnownFileType = wrapper.framework; name = Social.framework; path = System/Library/Frameworks/Social.framework; sourceTree = SDKROOT; };
		CEA92F9A1AF367EE0042D0EE /* UIKit.framework */ = {isa = PBXFileReference; lastKnownFileType = wrapper.framework; name = UIKit.framework; path = System/Library/Frameworks/UIKit.framework; sourceTree = SDKROOT; };
		CEA92F9C1AF367FA0042D0EE /* Foundation.framework */ = {isa = PBXFileReference; lastKnownFileType = wrapper.framework; name = Foundation.framework; path = System/Library/Frameworks/Foundation.framework; sourceTree = SDKROOT; };
		CEA92F9E1AF3681E0042D0EE /* CoreData.framework */ = {isa = PBXFileReference; lastKnownFileType = wrapper.framework; name = CoreData.framework; path = System/Library/Frameworks/CoreData.framework; sourceTree = SDKROOT; };
		CEA92FA11AF368590042D0EE /* CoreGraphics.framework */ = {isa = PBXFileReference; lastKnownFileType = wrapper.framework; name = CoreGraphics.framework; path = System/Library/Frameworks/CoreGraphics.framework; sourceTree = SDKROOT; };
		CEA92FA91AF376B50042D0EE /* CFNetwork.framework */ = {isa = PBXFileReference; lastKnownFileType = wrapper.framework; name = CFNetwork.framework; path = System/Library/Frameworks/CFNetwork.framework; sourceTree = SDKROOT; };
		CEA92FAB1AF376C40042D0EE /* CoreLocation.framework */ = {isa = PBXFileReference; lastKnownFileType = wrapper.framework; name = CoreLocation.framework; path = System/Library/Frameworks/CoreLocation.framework; sourceTree = SDKROOT; };
		CEA92FAD1AF376CC0042D0EE /* MobileCoreServices.framework */ = {isa = PBXFileReference; lastKnownFileType = wrapper.framework; name = MobileCoreServices.framework; path = System/Library/Frameworks/MobileCoreServices.framework; sourceTree = SDKROOT; };
		CEA92FAF1AF376DE0042D0EE /* QuartzCore.framework */ = {isa = PBXFileReference; lastKnownFileType = wrapper.framework; name = QuartzCore.framework; path = System/Library/Frameworks/QuartzCore.framework; sourceTree = SDKROOT; };
		CEA92FB11AF376E40042D0EE /* Security.framework */ = {isa = PBXFileReference; lastKnownFileType = wrapper.framework; name = Security.framework; path = System/Library/Frameworks/Security.framework; sourceTree = SDKROOT; };
		CEA92FB31AF376F00042D0EE /* StoreKit.framework */ = {isa = PBXFileReference; lastKnownFileType = wrapper.framework; name = StoreKit.framework; path = System/Library/Frameworks/StoreKit.framework; sourceTree = SDKROOT; };
		CEA92FB51AF377050042D0EE /* SystemConfiguration.framework */ = {isa = PBXFileReference; lastKnownFileType = wrapper.framework; name = SystemConfiguration.framework; path = System/Library/Frameworks/SystemConfiguration.framework; sourceTree = SDKROOT; };
		CEA92FB71AF3771B0042D0EE /* libz.dylib */ = {isa = PBXFileReference; lastKnownFileType = "compiled.mach-o.dylib"; name = libz.dylib; path = usr/lib/libz.dylib; sourceTree = SDKROOT; };
		CEA92FB91AF377350042D0EE /* libsqlite3.dylib */ = {isa = PBXFileReference; lastKnownFileType = "compiled.mach-o.dylib"; name = libsqlite3.dylib; path = usr/lib/libsqlite3.dylib; sourceTree = SDKROOT; };
		CEB1878F1B18F8C400C86955 /* MessageOptionsTableTableViewController.h */ = {isa = PBXFileReference; fileEncoding = 4; lastKnownFileType = sourcecode.c.h; path = MessageOptionsTableTableViewController.h; sourceTree = "<group>"; };
		CEB187901B18F8C400C86955 /* MessageOptionsTableTableViewController.m */ = {isa = PBXFileReference; fileEncoding = 4; lastKnownFileType = sourcecode.c.objc; path = MessageOptionsTableTableViewController.m; sourceTree = "<group>"; };
		CEB187921B18FAD600C86955 /* MessageOptionsTableViewCell.h */ = {isa = PBXFileReference; fileEncoding = 4; lastKnownFileType = sourcecode.c.h; path = MessageOptionsTableViewCell.h; sourceTree = "<group>"; };
		CEB187931B18FAD600C86955 /* MessageOptionsTableViewCell.m */ = {isa = PBXFileReference; fileEncoding = 4; lastKnownFileType = sourcecode.c.objc; path = MessageOptionsTableViewCell.m; sourceTree = "<group>"; };
		CEB4ED8C1AF8305E0055D547 /* ProgramDetailTableViewController.h */ = {isa = PBXFileReference; fileEncoding = 4; lastKnownFileType = sourcecode.c.h; path = ProgramDetailTableViewController.h; sourceTree = "<group>"; };
		CEB4ED8D1AF8305E0055D547 /* ProgramDetailTableViewController.m */ = {isa = PBXFileReference; fileEncoding = 4; lastKnownFileType = sourcecode.c.objc; path = ProgramDetailTableViewController.m; sourceTree = "<group>"; };
		CED419DB1AED690100885470 /* CampaignViewController.h */ = {isa = PBXFileReference; fileEncoding = 4; lastKnownFileType = sourcecode.c.h; path = CampaignViewController.h; sourceTree = "<group>"; };
		CED419DC1AED690100885470 /* CampaignViewController.m */ = {isa = PBXFileReference; fileEncoding = 4; lastKnownFileType = sourcecode.c.objc; path = CampaignViewController.m; sourceTree = "<group>"; };
		CEE04B991B34B9EC00AAF8EA /* lightGrayButtonBackground.png */ = {isa = PBXFileReference; lastKnownFileType = image.png; name = lightGrayButtonBackground.png; path = Images/lightGrayButtonBackground.png; sourceTree = "<group>"; };
		CEE04B9B1B34C43900AAF8EA /* location-gray.png */ = {isa = PBXFileReference; lastKnownFileType = image.png; name = "location-gray.png"; path = "Images/location-gray.png"; sourceTree = "<group>"; };
		CEED9BB61AF40A4000402BC2 /* Twitter.framework */ = {isa = PBXFileReference; lastKnownFileType = wrapper.framework; name = Twitter.framework; path = System/Library/Frameworks/Twitter.framework; sourceTree = SDKROOT; };
		CEED9BF91AF41A7300402BC2 /* NSData+Base64.h */ = {isa = PBXFileReference; lastKnownFileType = sourcecode.c.h; path = "NSData+Base64.h"; sourceTree = "<group>"; };
		CEED9BFA1AF41A7300402BC2 /* NSData+Base64.m */ = {isa = PBXFileReference; lastKnownFileType = sourcecode.c.objc; path = "NSData+Base64.m"; sourceTree = "<group>"; };
		CEED9BFB1AF41A7300402BC2 /* OAuth+Additions.h */ = {isa = PBXFileReference; lastKnownFileType = sourcecode.c.h; path = "OAuth+Additions.h"; sourceTree = "<group>"; };
		CEED9BFC1AF41A7300402BC2 /* OAuth+Additions.m */ = {isa = PBXFileReference; lastKnownFileType = sourcecode.c.objc; path = "OAuth+Additions.m"; sourceTree = "<group>"; };
		CEED9BFD1AF41A7300402BC2 /* OAuthCore.h */ = {isa = PBXFileReference; lastKnownFileType = sourcecode.c.h; path = OAuthCore.h; sourceTree = "<group>"; };
		CEED9BFE1AF41A7300402BC2 /* OAuthCore.m */ = {isa = PBXFileReference; lastKnownFileType = sourcecode.c.objc; path = OAuthCore.m; sourceTree = "<group>"; };
		CEED9C001AF41A7300402BC2 /* TWAPIManager.h */ = {isa = PBXFileReference; lastKnownFileType = sourcecode.c.h; path = TWAPIManager.h; sourceTree = "<group>"; };
		CEED9C011AF41A7300402BC2 /* TWAPIManager.m */ = {isa = PBXFileReference; lastKnownFileType = sourcecode.c.objc; path = TWAPIManager.m; sourceTree = "<group>"; };
		CEED9C021AF41A7300402BC2 /* TWSignedRequest.h */ = {isa = PBXFileReference; lastKnownFileType = sourcecode.c.h; path = TWSignedRequest.h; sourceTree = "<group>"; };
		CEED9C031AF41A7300402BC2 /* TWSignedRequest.m */ = {isa = PBXFileReference; lastKnownFileType = sourcecode.c.objc; path = TWSignedRequest.m; sourceTree = "<group>"; };
		CEED9C041AF41A7300402BC2 /* PFTwitterUtils+NativeTwitter.h */ = {isa = PBXFileReference; lastKnownFileType = sourcecode.c.h; path = "PFTwitterUtils+NativeTwitter.h"; sourceTree = "<group>"; };
		CEED9C051AF41A7300402BC2 /* PFTwitterUtils+NativeTwitter.m */ = {isa = PBXFileReference; lastKnownFileType = sourcecode.c.objc; path = "PFTwitterUtils+NativeTwitter.m"; sourceTree = "<group>"; };
		CEEF24FF1B0114C900EFB257 /* monsanto nutrition facts.png */ = {isa = PBXFileReference; lastKnownFileType = image.png; path = "monsanto nutrition facts.png"; sourceTree = "<group>"; };
		CEEF25011B011A4B00EFB257 /* monsanto gas apple.png */ = {isa = PBXFileReference; lastKnownFileType = image.png; path = "monsanto gas apple.png"; sourceTree = "<group>"; };
		CEEF25031B012FC600EFB257 /* robb frale profile.png */ = {isa = PBXFileReference; lastKnownFileType = image.png; path = "robb frale profile.png"; sourceTree = "<group>"; };
		CEEF25051B015ACA00EFB257 /* MessageTableViewController.h */ = {isa = PBXFileReference; fileEncoding = 4; lastKnownFileType = sourcecode.c.h; path = MessageTableViewController.h; sourceTree = "<group>"; };
		CEEF25061B015ACA00EFB257 /* MessageTableViewController.m */ = {isa = PBXFileReference; fileEncoding = 4; lastKnownFileType = sourcecode.c.objc; path = MessageTableViewController.m; sourceTree = "<group>"; };
		CEEF25081B016D5400EFB257 /* tweet button.png */ = {isa = PBXFileReference; lastKnownFileType = image.png; path = "tweet button.png"; sourceTree = "<group>"; };
		CEEF250A1B0171BC00EFB257 /* Web-frame2.png */ = {isa = PBXFileReference; lastKnownFileType = image.png; path = "Web-frame2.png"; sourceTree = "<group>"; };
		CEEF250C1B017BAA00EFB257 /* MessageItem.h */ = {isa = PBXFileReference; fileEncoding = 4; lastKnownFileType = sourcecode.c.h; path = MessageItem.h; sourceTree = "<group>"; };
		CEEF250D1B017BAA00EFB257 /* MessageItem.m */ = {isa = PBXFileReference; fileEncoding = 4; lastKnownFileType = sourcecode.c.objc; path = MessageItem.m; sourceTree = "<group>"; };
		CEEF250F1B017C8200EFB257 /* MessageTableViewCell.h */ = {isa = PBXFileReference; fileEncoding = 4; lastKnownFileType = sourcecode.c.h; path = MessageTableViewCell.h; sourceTree = "<group>"; };
		CEEF25101B017C8200EFB257 /* MessageTableViewCell.m */ = {isa = PBXFileReference; fileEncoding = 4; lastKnownFileType = sourcecode.c.objc; path = MessageTableViewCell.m; sourceTree = "<group>"; };
		CEF14C051B23AD6C00EC95A4 /* tweetButtonIconGray.png */ = {isa = PBXFileReference; lastKnownFileType = image.png; name = tweetButtonIconGray.png; path = Images/tweetButtonIconGray.png; sourceTree = "<group>"; };
		CEF14C071B23AD7600EC95A4 /* facebookButtonIconGray.png */ = {isa = PBXFileReference; lastKnownFileType = image.png; name = facebookButtonIconGray.png; path = Images/facebookButtonIconGray.png; sourceTree = "<group>"; };
		CEF14C0B1B23B72C00EC95A4 /* FBSDKCoreKit.framework */ = {isa = PBXFileReference; lastKnownFileType = wrapper.framework; name = FBSDKCoreKit.framework; path = ../../../Documents/FacebookSDK/FBSDKCoreKit.framework; sourceTree = "<group>"; };
		CEF14C0D1B23BE5A00EC95A4 /* FBSDKLoginKit.framework */ = {isa = PBXFileReference; lastKnownFileType = wrapper.framework; name = FBSDKLoginKit.framework; path = ../../../Documents/FacebookSDK/FBSDKLoginKit.framework; sourceTree = "<group>"; };
		CEF1C8FF1B0E7B79003EFAD1 /* WebViewController.h */ = {isa = PBXFileReference; fileEncoding = 4; lastKnownFileType = sourcecode.c.h; name = WebViewController.h; path = ../WebViewController.h; sourceTree = "<group>"; };
		CEF1C9001B0E7B79003EFAD1 /* WebViewController.m */ = {isa = PBXFileReference; fileEncoding = 4; lastKnownFileType = sourcecode.c.objc; name = WebViewController.m; path = ../WebViewController.m; sourceTree = "<group>"; };
		CEFFDD911B141232005EEC86 /* Fabric.framework */ = {isa = PBXFileReference; lastKnownFileType = wrapper.framework; name = Fabric.framework; path = "../../../Downloads/PFTwitterUtils-NativeTwitter-master/PFTwitterUtils+NativeTwitter/Fabric.framework"; sourceTree = "<group>"; };
		CEFFDD921B141232005EEC86 /* TwitterKit.framework */ = {isa = PBXFileReference; lastKnownFileType = wrapper.framework; name = TwitterKit.framework; path = "../../../Downloads/PFTwitterUtils-NativeTwitter-master/PFTwitterUtils+NativeTwitter/TwitterKit.framework"; sourceTree = "<group>"; };
		CEFFDD931B141232005EEC86 /* TwitterKitResources.bundle */ = {isa = PBXFileReference; lastKnownFileType = "wrapper.plug-in"; name = TwitterKitResources.bundle; path = "../../../Downloads/PFTwitterUtils-NativeTwitter-master/PFTwitterUtils+NativeTwitter/TwitterKitResources.bundle"; sourceTree = "<group>"; };
		CEFFDD941B141232005EEC86 /* TwitterCore.framework */ = {isa = PBXFileReference; lastKnownFileType = wrapper.framework; name = TwitterCore.framework; path = "../../../Downloads/PFTwitterUtils-NativeTwitter-master/PFTwitterUtils+NativeTwitter/TwitterCore.framework"; sourceTree = "<group>"; };
		CEFFDD9C1B151346005EEC86 /* Crashlytics.framework */ = {isa = PBXFileReference; lastKnownFileType = wrapper.framework; name = Crashlytics.framework; path = Oingo/Crashlytics.framework; sourceTree = "<group>"; };
		DC06CC7A94234D9E16E26D1C /* libPods.a */ = {isa = PBXFileReference; explicitFileType = archive.ar; includeInIndex = 0; path = libPods.a; sourceTree = BUILT_PRODUCTS_DIR; };
/* End PBXFileReference section */

/* Begin PBXFrameworksBuildPhase section */
		CE241A391AEAE45A00F22144 /* Frameworks */ = {
			isa = PBXFrameworksBuildPhase;
			buildActionMask = 2147483647;
			files = (
				CE2BF9741B3E595000AB15AC /* MessageUI.framework in Frameworks */,
				CE20296F1B363668005C079B /* libstdc++.6.0.9.dylib in Frameworks */,
				CE06A2001B31F7C5000D3210 /* Bolts.framework in Frameworks */,
				CEED9BF11AF418AF00402BC2 /* libsqlite3.dylib in Frameworks */,
				CEED9BD81AF4167C00402BC2 /* libz.1.1.3.dylib in Frameworks */,
				CEED9BD41AF4160300402BC2 /* Accounts.framework in Frameworks */,
				CEED9BD51AF4165400402BC2 /* AudioToolbox.framework in Frameworks */,
				CEED9BDB1AF4168E00402BC2 /* Foundation.framework in Frameworks */,
				CE06A2011B31F7C5000D3210 /* Parse.framework in Frameworks */,
				CEED9BDA1AF4168E00402BC2 /* CoreData.framework in Frameworks */,
				CE06A2041B31F7C5000D3210 /* ParseFacebookUtilsV4.framework in Frameworks */,
				CEED9BE21AF4168E00402BC2 /* CFNetwork.framework in Frameworks */,
				CEED9BD91AF4168500402BC2 /* Social.framework in Frameworks */,
				CE6F71F01B2923380067E4DA /* FBSDKShareKit.framework in Frameworks */,
				CE06A2051B31F7C5000D3210 /* ParseUI.framework in Frameworks */,
				CEED9BDF1AF4168E00402BC2 /* Security.framework in Frameworks */,
				CEED9BD61AF4166000402BC2 /* CoreGraphics.framework in Frameworks */,
				CEED9BD71AF4166A00402BC2 /* CoreLocation.framework in Frameworks */,
				CEED9BDE1AF4168E00402BC2 /* StoreKit.framework in Frameworks */,
				CEF14C0E1B23BE5A00EC95A4 /* FBSDKLoginKit.framework in Frameworks */,
				CEED9BDD1AF4168E00402BC2 /* SystemConfiguration.framework in Frameworks */,
				CEED9BDC1AF4168E00402BC2 /* UIKit.framework in Frameworks */,
				CEED9BE11AF4168E00402BC2 /* MobileCoreServices.framework in Frameworks */,
				CE06A2021B31F7C5000D3210 /* ParseCrashReporting.framework in Frameworks */,
				CEFFDD9D1B151346005EEC86 /* Crashlytics.framework in Frameworks */,
				CEED9BE31AF4169100402BC2 /* Twitter.framework in Frameworks */,
				CEED9BE01AF4168E00402BC2 /* QuartzCore.framework in Frameworks */,
				CEFFDD951B141232005EEC86 /* Fabric.framework in Frameworks */,
				CEF14C0C1B23B72C00EC95A4 /* FBSDKCoreKit.framework in Frameworks */,
				CEFFDD961B141232005EEC86 /* TwitterKit.framework in Frameworks */,
				CEFFDD981B141232005EEC86 /* TwitterCore.framework in Frameworks */,
				CA747D5F10B48B3A880C7651 /* libPods.a in Frameworks */,
			);
			runOnlyForDeploymentPostprocessing = 0;
		};
		CE241A551AEAE45A00F22144 /* Frameworks */ = {
			isa = PBXFrameworksBuildPhase;
			buildActionMask = 2147483647;
			files = (
			);
			runOnlyForDeploymentPostprocessing = 0;
		};
/* End PBXFrameworksBuildPhase section */

/* Begin PBXGroup section */
		461A3BA50F675DAFB84D6483 /* Frameworks */ = {
			isa = PBXGroup;
			children = (
				CE2BF9731B3E595000AB15AC /* MessageUI.framework */,
				CE20296E1B363668005C079B /* libstdc++.6.0.9.dylib */,
				DC06CC7A94234D9E16E26D1C /* libPods.a */,
			);
			name = Frameworks;
			sourceTree = "<group>";
		};
		CE241A331AEAE45A00F22144 = {
			isa = PBXGroup;
			children = (
				CE241A3E1AEAE45A00F22144 /* Oingo */,
				CE241A5B1AEAE45A00F22144 /* OingoTests */,
				CE241A3D1AEAE45A00F22144 /* Products */,
				CEA92FBB1AF377600042D0EE /* frameworks */,
				CE241A6A1AEAF0D300F22144 /* Images */,
				D2BEDF8417F0880722285E96 /* Pods */,
				461A3BA50F675DAFB84D6483 /* Frameworks */,
			);
			sourceTree = "<group>";
		};
		CE241A3D1AEAE45A00F22144 /* Products */ = {
			isa = PBXGroup;
			children = (
				CE241A3C1AEAE45A00F22144 /* Oingo.app */,
				CE241A581AEAE45A00F22144 /* OingoTests.xctest */,
			);
			name = Products;
			sourceTree = "<group>";
		};
		CE241A3E1AEAE45A00F22144 /* Oingo */ = {
			isa = PBXGroup;
			children = (
				CE2BF9781B3E5A2F00AB15AC /* In process */,
				CE82943E1B38DB9300B596E6 /* Login/Signup/settings */,
				CEE04BA01B3501B000AAF8EA /* Methods */,
				CE6F71F11B2A5A670067E4DA /* objects */,
				CE241A4C1AEAE45A00F22144 /* Main.storyboard */,
				CE241A431AEAE45A00F22144 /* AppDelegate.h */,
				CE241A441AEAE45A00F22144 /* AppDelegate.m */,
				CEA79FD41AEC7C0D00535B06 /* ProgramsTableViewController.h */,
				CEA79FD51AEC7C0D00535B06 /* ProgramsTableViewController.m */,
				CE87CAC71AFAB9B70084C666 /* ProgramsTableViewCell.h */,
				CE87CAC81AFAB9B70084C666 /* ProgramsTableViewCell.m */,
				CEB4ED8C1AF8305E0055D547 /* ProgramDetailTableViewController.h */,
				CEB4ED8D1AF8305E0055D547 /* ProgramDetailTableViewController.m */,
				CE5B5D0C1AF95A740033A668 /* ProgramDetailTableViewCell.h */,
				CE5B5D0D1AF95A740033A668 /* ProgramDetailTableViewCell.m */,
				CEEF25051B015ACA00EFB257 /* MessageTableViewController.h */,
				CEEF25061B015ACA00EFB257 /* MessageTableViewController.m */,
				CEEF250F1B017C8200EFB257 /* MessageTableViewCell.h */,
				CEEF25101B017C8200EFB257 /* MessageTableViewCell.m */,
				CE241A4F1AEAE45A00F22144 /* Images.xcassets */,
				CE241A511AEAE45A00F22144 /* LaunchScreen.xib */,
				CE241A461AEAE45A00F22144 /* Oingo.xcdatamodeld */,
				CE241A3F1AEAE45A00F22144 /* Supporting Files */,
			);
			path = Oingo;
			sourceTree = "<group>";
		};
		CE241A3F1AEAE45A00F22144 /* Supporting Files */ = {
			isa = PBXGroup;
			children = (
				CE241A401AEAE45A00F22144 /* Info.plist */,
				CE241A411AEAE45A00F22144 /* main.m */,
			);
			name = "Supporting Files";
			sourceTree = "<group>";
		};
		CE241A5B1AEAE45A00F22144 /* OingoTests */ = {
			isa = PBXGroup;
			children = (
				CE241A5E1AEAE45A00F22144 /* OingoTests.m */,
				CE241A5C1AEAE45A00F22144 /* Supporting Files */,
			);
			path = OingoTests;
			sourceTree = "<group>";
		};
		CE241A5C1AEAE45A00F22144 /* Supporting Files */ = {
			isa = PBXGroup;
			children = (
				CE241A5D1AEAE45A00F22144 /* Info.plist */,
			);
			name = "Supporting Files";
			sourceTree = "<group>";
		};
		CE241A6A1AEAF0D300F22144 /* Images */ = {
			isa = PBXGroup;
			children = (
				CE60732C1B3A8CAC007B567C /* document-xxl.png */,
				CE60732A1B3A88FD007B567C /* phone-gray.png */,
				CE6073281B3A85EB007B567C /* mail-icon-gray.png */,
				CEE04B9B1B34C43900AAF8EA /* location-gray.png */,
				CEE04B991B34B9EC00AAF8EA /* lightGrayButtonBackground.png */,
				CEF14C071B23AD7600EC95A4 /* facebookButtonIconGray.png */,
				CEF14C051B23AD6C00EC95A4 /* tweetButtonIconGray.png */,
				CE46B13B1B044DF300A4D671 /* blackborder.png */,
				CE46B1391B044D5F00A4D671 /* greyarrow.png */,
				CE46B1371B043A8000A4D671 /* blue_arrow_png_by_maddielovesselly-d4ys3ti (1).png */,
				CE46B13D1B044EA700A4D671 /* carousell-borderblack.png */,
				CEEF250A1B0171BC00EFB257 /* Web-frame2.png */,
				CEEF25081B016D5400EFB257 /* tweet button.png */,
				CEEF25031B012FC600EFB257 /* robb frale profile.png */,
				CEEF25011B011A4B00EFB257 /* monsanto gas apple.png */,
				CEEF24FF1B0114C900EFB257 /* monsanto nutrition facts.png */,
				CE2BD37C1B007FB30053A1B3 /* monsantocorngrenade.png */,
				CE80B5D51AFC0EFB007D69FB /* dailyshow6cover.png */,
				CE87CAC51AF9B5F30084C666 /* lastweektonightcoverphoto.png */,
				CE87CAC31AF9B5DE0084C666 /* vicecoverphoto.png */,
				CE87CAC11AF9B2570084C666 /* vicegasmask.png */,
				CE87CABF1AF9945B0084C666 /* last-night-660x330.png */,
				CE395D871AED5790006786C0 /* twittericon320.png */,
				CEA79FCB1AEB942E00535B06 /* brainwash120.png */,
				CEA79FC91AEB7CCC00535B06 /* brainwash80.png */,
				CEA79FCD1AEB94D900535B06 /* brainwash58.png */,
				CEA79FCF1AEB954200535B06 /* brainwash40.png */,
			);
			name = Images;
			path = Oingo;
			sourceTree = "<group>";
		};
		CE2BF9781B3E5A2F00AB15AC /* In process */ = {
			isa = PBXGroup;
			children = (
				CEB1878F1B18F8C400C86955 /* MessageOptionsTableTableViewController.h */,
				CEB187901B18F8C400C86955 /* MessageOptionsTableTableViewController.m */,
				CEB187921B18FAD600C86955 /* MessageOptionsTableViewCell.h */,
				CEB187931B18FAD600C86955 /* MessageOptionsTableViewCell.m */,
				CED419DB1AED690100885470 /* CampaignViewController.h */,
				CED419DC1AED690100885470 /* CampaignViewController.m */,
				CEF1C8FF1B0E7B79003EFAD1 /* WebViewController.h */,
				CEF1C9001B0E7B79003EFAD1 /* WebViewController.m */,
				CE14A8B11B22D20B0032664C /* TweetTableViewDemoTableViewController.h */,
				CE14A8B21B22D20B0032664C /* TweetTableViewDemoTableViewController.m */,
			);
			name = "In process";
			sourceTree = "<group>";
		};
		CE6F71F11B2A5A670067E4DA /* objects */ = {
			isa = PBXGroup;
			children = (
				CE2BF96A1B3E2CCC00AB15AC /* TempUser.h */,
				CE2BF96B1B3E2CCC00AB15AC /* TempUser.m */,
				CE87CACA1AFABA920084C666 /* Program.h */,
				CE87CACB1AFABA920084C666 /* Program.m */,
				CE87CABC1AF977120084C666 /* Campaign.h */,
				CE87CABD1AF977120084C666 /* Campaign.m */,
				CEEF250C1B017BAA00EFB257 /* MessageItem.h */,
				CEEF250D1B017BAA00EFB257 /* MessageItem.m */,
				CE82943B1B38DB7C00B596E6 /* CongressionalMessageItem.h */,
				CE82943C1B38DB7C00B596E6 /* CongressionalMessageItem.m */,
			);
			name = objects;
			sourceTree = "<group>";
		};
		CE82943E1B38DB9300B596E6 /* Login/Signup/settings */ = {
			isa = PBXGroup;
			children = (
				CE6F71F21B2BCA9E0067E4DA /* SettingsTableViewController.h */,
				CE6F71F31B2BCA9E0067E4DA /* SettingsTableViewController.m */,
				CE14A8A81B211B7A0032664C /* SignUpViewController.h */,
				CE14A8A91B211B7A0032664C /* SignUpViewController.m */,
				CE14A8AB1B2227C60032664C /* LogInViewController.h */,
				CE14A8AC1B2227C60032664C /* LogInViewController.m */,
			);
			name = Login/Signup/settings;
			sourceTree = "<group>";
		};
		CEA92FBB1AF377600042D0EE /* frameworks */ = {
			isa = PBXGroup;
			children = (
				CE06A1FA1B31F7C5000D3210 /* Bolts.framework */,
				CE06A1FB1B31F7C5000D3210 /* Parse.framework */,
				CE06A1FC1B31F7C5000D3210 /* ParseCrashReporting.framework */,
				CE06A1FE1B31F7C5000D3210 /* ParseFacebookUtilsV4.framework */,
				CE06A1FF1B31F7C5000D3210 /* ParseUI.framework */,
				CEED9BF61AF41A7300402BC2 /* PFTwitterUtils+NativeTwitter */,
				CE6F71EF1B2923380067E4DA /* FBSDKShareKit.framework */,
				CEF14C0D1B23BE5A00EC95A4 /* FBSDKLoginKit.framework */,
				CEFFDD9C1B151346005EEC86 /* Crashlytics.framework */,
				CEF14C0B1B23B72C00EC95A4 /* FBSDKCoreKit.framework */,
				CEFFDD911B141232005EEC86 /* Fabric.framework */,
				CEFFDD921B141232005EEC86 /* TwitterKit.framework */,
				CEFFDD931B141232005EEC86 /* TwitterKitResources.bundle */,
				CEFFDD941B141232005EEC86 /* TwitterCore.framework */,
				CEED9BB61AF40A4000402BC2 /* Twitter.framework */,
				CEA92FB91AF377350042D0EE /* libsqlite3.dylib */,
				CEA92FB71AF3771B0042D0EE /* libz.dylib */,
				CE40D8011AF382E0006F2D2E /* libz.1.1.3.dylib */,
				CE40D7FF1AF382A5006F2D2E /* AudioToolbox.framework */,
				CE395D851AED5422006786C0 /* Accounts.framework */,
				CEA79FDA1AECA88C00535B06 /* Social.framework */,
				CEA92FA11AF368590042D0EE /* CoreGraphics.framework */,
				CEA92F9E1AF3681E0042D0EE /* CoreData.framework */,
				CEA92F9C1AF367FA0042D0EE /* Foundation.framework */,
				CEA92F9A1AF367EE0042D0EE /* UIKit.framework */,
				CEA92FB51AF377050042D0EE /* SystemConfiguration.framework */,
				CEA92FB31AF376F00042D0EE /* StoreKit.framework */,
				CEA92FB11AF376E40042D0EE /* Security.framework */,
				CEA92FAF1AF376DE0042D0EE /* QuartzCore.framework */,
				CEA92FAD1AF376CC0042D0EE /* MobileCoreServices.framework */,
				CEA92FAB1AF376C40042D0EE /* CoreLocation.framework */,
				CEA92FA91AF376B50042D0EE /* CFNetwork.framework */,
				CEED9BE41AF4174900402BC2 /* parse-library-1.7.2 */,
			);
			name = frameworks;
			sourceTree = "<group>";
		};
		CEE04BA01B3501B000AAF8EA /* Methods */ = {
			isa = PBXGroup;
			children = (
				CE2BF96D1B3E517700AB15AC /* MakePhoneCallAPI.h */,
				CE2BF96E1B3E517700AB15AC /* MakePhoneCallAPI.m */,
				CE2029701B363D51005C079B /* CongressFinderAPI.h */,
				CE2029711B363D51005C079B /* CongressFinderAPI.m */,
				CE6073311B3AD475007B567C /* CongressPhotoFinderAPI.h */,
				CE6073321B3AD475007B567C /* CongressPhotoFinderAPI.m */,
				CE2BF9751B3E5A1700AB15AC /* EmailComposerViewController.h */,
				CE2BF9761B3E5A1700AB15AC /* EmailComposerViewController.m */,
			);
			name = Methods;
			sourceTree = "<group>";
		};
		CEED9BE41AF4174900402BC2 /* parse-library-1.7.2 */ = {
			isa = PBXGroup;
			children = (
			);
			path = "parse-library-1.7.2";
			sourceTree = "<group>";
		};
		CEED9BF61AF41A7300402BC2 /* PFTwitterUtils+NativeTwitter */ = {
			isa = PBXGroup;
			children = (
				CEED9BF71AF41A7300402BC2 /* External */,
				CEED9C041AF41A7300402BC2 /* PFTwitterUtils+NativeTwitter.h */,
				CEED9C051AF41A7300402BC2 /* PFTwitterUtils+NativeTwitter.m */,
			);
			name = "PFTwitterUtils+NativeTwitter";
			path = "../../../Downloads/PFTwitterUtils-NativeTwitter-master/PFTwitterUtils+NativeTwitter";
			sourceTree = "<group>";
		};
		CEED9BF71AF41A7300402BC2 /* External */ = {
			isa = PBXGroup;
			children = (
				CEED9BF81AF41A7300402BC2 /* ABOAuthCore */,
				CEED9BFF1AF41A7300402BC2 /* TwitterReverseAuth */,
			);
			path = External;
			sourceTree = "<group>";
		};
		CEED9BF81AF41A7300402BC2 /* ABOAuthCore */ = {
			isa = PBXGroup;
			children = (
				CEED9BF91AF41A7300402BC2 /* NSData+Base64.h */,
				CEED9BFA1AF41A7300402BC2 /* NSData+Base64.m */,
				CEED9BFB1AF41A7300402BC2 /* OAuth+Additions.h */,
				CEED9BFC1AF41A7300402BC2 /* OAuth+Additions.m */,
				CEED9BFD1AF41A7300402BC2 /* OAuthCore.h */,
				CEED9BFE1AF41A7300402BC2 /* OAuthCore.m */,
			);
			path = ABOAuthCore;
			sourceTree = "<group>";
		};
		CEED9BFF1AF41A7300402BC2 /* TwitterReverseAuth */ = {
			isa = PBXGroup;
			children = (
				CEED9C001AF41A7300402BC2 /* TWAPIManager.h */,
				CEED9C011AF41A7300402BC2 /* TWAPIManager.m */,
				CEED9C021AF41A7300402BC2 /* TWSignedRequest.h */,
				CEED9C031AF41A7300402BC2 /* TWSignedRequest.m */,
			);
			path = TwitterReverseAuth;
			sourceTree = "<group>";
		};
		D2BEDF8417F0880722285E96 /* Pods */ = {
			isa = PBXGroup;
			children = (
				5CE63C3D6F3FE7E1F15E9983 /* Pods.debug.xcconfig */,
				780012AA1BFB60E0EDD2FF35 /* Pods.release.xcconfig */,
			);
			name = Pods;
			sourceTree = "<group>";
		};
/* End PBXGroup section */

/* Begin PBXNativeTarget section */
		CE241A3B1AEAE45A00F22144 /* Oingo */ = {
			isa = PBXNativeTarget;
			buildConfigurationList = CE241A621AEAE45A00F22144 /* Build configuration list for PBXNativeTarget "Oingo" */;
			buildPhases = (
				94755F9DCEB720A0A1C3EEF5 /* Check Pods Manifest.lock */,
				CE241A381AEAE45A00F22144 /* Sources */,
				CE241A391AEAE45A00F22144 /* Frameworks */,
				CE241A3A1AEAE45A00F22144 /* Resources */,
				CEFFDD901B140E9A005EEC86 /* ShellScript */,
				970CD2995E5E7EF175036530 /* Copy Pods Resources */,
			);
			buildRules = (
			);
			dependencies = (
			);
			name = Oingo;
			productName = Oingo;
			productReference = CE241A3C1AEAE45A00F22144 /* Oingo.app */;
			productType = "com.apple.product-type.application";
		};
		CE241A571AEAE45A00F22144 /* OingoTests */ = {
			isa = PBXNativeTarget;
			buildConfigurationList = CE241A651AEAE45A00F22144 /* Build configuration list for PBXNativeTarget "OingoTests" */;
			buildPhases = (
				CE241A541AEAE45A00F22144 /* Sources */,
				CE241A551AEAE45A00F22144 /* Frameworks */,
				CE241A561AEAE45A00F22144 /* Resources */,
			);
			buildRules = (
			);
			dependencies = (
				CE241A5A1AEAE45A00F22144 /* PBXTargetDependency */,
			);
			name = OingoTests;
			productName = OingoTests;
			productReference = CE241A581AEAE45A00F22144 /* OingoTests.xctest */;
			productType = "com.apple.product-type.bundle.unit-test";
		};
/* End PBXNativeTarget section */

/* Begin PBXProject section */
		CE241A341AEAE45A00F22144 /* Project object */ = {
			isa = PBXProject;
			attributes = {
				LastUpgradeCheck = 0620;
				ORGANIZATIONNAME = "Oingo Inc.";
				TargetAttributes = {
					CE241A3B1AEAE45A00F22144 = {
						CreatedOnToolsVersion = 6.2;
						DevelopmentTeam = 26Q33Y52HW;
					};
					CE241A571AEAE45A00F22144 = {
						CreatedOnToolsVersion = 6.2;
						TestTargetID = CE241A3B1AEAE45A00F22144;
					};
				};
			};
			buildConfigurationList = CE241A371AEAE45A00F22144 /* Build configuration list for PBXProject "Oingo" */;
			compatibilityVersion = "Xcode 3.2";
			developmentRegion = English;
			hasScannedForEncodings = 0;
			knownRegions = (
				en,
				Base,
			);
			mainGroup = CE241A331AEAE45A00F22144;
			productRefGroup = CE241A3D1AEAE45A00F22144 /* Products */;
			projectDirPath = "";
			projectRoot = "";
			targets = (
				CE241A3B1AEAE45A00F22144 /* Oingo */,
				CE241A571AEAE45A00F22144 /* OingoTests */,
			);
		};
/* End PBXProject section */

/* Begin PBXResourcesBuildPhase section */
		CE241A3A1AEAE45A00F22144 /* Resources */ = {
			isa = PBXResourcesBuildPhase;
			buildActionMask = 2147483647;
			files = (
				CEEF250B1B0171BC00EFB257 /* Web-frame2.png in Resources */,
				CEE04B9A1B34B9EC00AAF8EA /* lightGrayButtonBackground.png in Resources */,
				CE46B13C1B044DF300A4D671 /* blackborder.png in Resources */,
				CEA79FD01AEB954200535B06 /* brainwash40.png in Resources */,
				CE80B5D61AFC0EFB007D69FB /* dailyshow6cover.png in Resources */,
				CEFFDD971B141232005EEC86 /* TwitterKitResources.bundle in Resources */,
				CE87CAC41AF9B5DE0084C666 /* vicecoverphoto.png in Resources */,
				CEEF25001B0114C900EFB257 /* monsanto nutrition facts.png in Resources */,
				CEEF25091B016D5400EFB257 /* tweet button.png in Resources */,
				CEA79FCE1AEB94D900535B06 /* brainwash58.png in Resources */,
				CE46B13E1B044EA700A4D671 /* carousell-borderblack.png in Resources */,
				CEEF25021B011A4B00EFB257 /* monsanto gas apple.png in Resources */,
				CE6073291B3A85EB007B567C /* mail-icon-gray.png in Resources */,
				CEF14C061B23AD6C00EC95A4 /* tweetButtonIconGray.png in Resources */,
				CE241A4E1AEAE45A00F22144 /* Main.storyboard in Resources */,
				CE60732D1B3A8CAC007B567C /* document-xxl.png in Resources */,
				CEEF25041B012FC600EFB257 /* robb frale profile.png in Resources */,
				CEA79FCA1AEB7CCC00535B06 /* brainwash80.png in Resources */,
				CE60732B1B3A88FD007B567C /* phone-gray.png in Resources */,
				CEA79FCC1AEB942E00535B06 /* brainwash120.png in Resources */,
				CE46B13A1B044D5F00A4D671 /* greyarrow.png in Resources */,
				CEF14C081B23AD7600EC95A4 /* facebookButtonIconGray.png in Resources */,
				CE2BD37D1B007FB30053A1B3 /* monsantocorngrenade.png in Resources */,
				CE241A531AEAE45A00F22144 /* LaunchScreen.xib in Resources */,
				CEE04B9C1B34C43900AAF8EA /* location-gray.png in Resources */,
				CE395D881AED5790006786C0 /* twittericon320.png in Resources */,
				CE87CAC21AF9B2570084C666 /* vicegasmask.png in Resources */,
				CE87CAC01AF9945B0084C666 /* last-night-660x330.png in Resources */,
				CE46B1381B043A8000A4D671 /* blue_arrow_png_by_maddielovesselly-d4ys3ti (1).png in Resources */,
				CE87CAC61AF9B5F30084C666 /* lastweektonightcoverphoto.png in Resources */,
				CE241A501AEAE45A00F22144 /* Images.xcassets in Resources */,
			);
			runOnlyForDeploymentPostprocessing = 0;
		};
		CE241A561AEAE45A00F22144 /* Resources */ = {
			isa = PBXResourcesBuildPhase;
			buildActionMask = 2147483647;
			files = (
			);
			runOnlyForDeploymentPostprocessing = 0;
		};
/* End PBXResourcesBuildPhase section */

/* Begin PBXShellScriptBuildPhase section */
		94755F9DCEB720A0A1C3EEF5 /* Check Pods Manifest.lock */ = {
			isa = PBXShellScriptBuildPhase;
			buildActionMask = 2147483647;
			files = (
			);
			inputPaths = (
			);
			name = "Check Pods Manifest.lock";
			outputPaths = (
			);
			runOnlyForDeploymentPostprocessing = 0;
			shellPath = /bin/sh;
			shellScript = "diff \"${PODS_ROOT}/../Podfile.lock\" \"${PODS_ROOT}/Manifest.lock\" > /dev/null\nif [[ $? != 0 ]] ; then\n    cat << EOM\nerror: The sandbox is not in sync with the Podfile.lock. Run 'pod install' or update your CocoaPods installation.\nEOM\n    exit 1\nfi\n";
			showEnvVarsInLog = 0;
		};
		970CD2995E5E7EF175036530 /* Copy Pods Resources */ = {
			isa = PBXShellScriptBuildPhase;
			buildActionMask = 2147483647;
			files = (
			);
			inputPaths = (
			);
			name = "Copy Pods Resources";
			outputPaths = (
			);
			runOnlyForDeploymentPostprocessing = 0;
			shellPath = /bin/sh;
			shellScript = "\"${SRCROOT}/Pods/Target Support Files/Pods/Pods-resources.sh\"\n";
			showEnvVarsInLog = 0;
		};
		CEFFDD901B140E9A005EEC86 /* ShellScript */ = {
			isa = PBXShellScriptBuildPhase;
			buildActionMask = 2147483647;
			files = (
			);
			inputPaths = (
			);
			outputPaths = (
			);
			runOnlyForDeploymentPostprocessing = 0;
			shellPath = /bin/sh;
			shellScript = "./Fabric.framework/run 78e58e6a11b301dd71779d5b5e0b6f3f860f1cb9 1c1cdf977d5ee1133dc3e1771280d5825f8276002db70ee27c50562ccabc6670";
		};
/* End PBXShellScriptBuildPhase section */

/* Begin PBXSourcesBuildPhase section */
		CE241A381AEAE45A00F22144 /* Sources */ = {
			isa = PBXSourcesBuildPhase;
			buildActionMask = 2147483647;
			files = (
				CE241A481AEAE45A00F22144 /* Oingo.xcdatamodeld in Sources */,
				CEF1C9011B0E7B79003EFAD1 /* WebViewController.m in Sources */,
				CE87CACC1AFABA920084C666 /* Program.m in Sources */,
				CE2BF9771B3E5A1700AB15AC /* EmailComposerViewController.m in Sources */,
				CE241A451AEAE45A00F22144 /* AppDelegate.m in Sources */,
				CE14A8AA1B211B7B0032664C /* SignUpViewController.m in Sources */,
				CED419DD1AED690100885470 /* CampaignViewController.m in Sources */,
				CE87CABE1AF977120084C666 /* Campaign.m in Sources */,
				CEB4ED8E1AF8305E0055D547 /* ProgramDetailTableViewController.m in Sources */,
				CE5B5D0E1AF95A740033A668 /* ProgramDetailTableViewCell.m in Sources */,
				CEB187911B18F8C400C86955 /* MessageOptionsTableTableViewController.m in Sources */,
				CE2029721B363D51005C079B /* CongressFinderAPI.m in Sources */,
				CE6073331B3AD475007B567C /* CongressPhotoFinderAPI.m in Sources */,
				CE241A421AEAE45A00F22144 /* main.m in Sources */,
				CEEF25111B017C8200EFB257 /* MessageTableViewCell.m in Sources */,
				CE6F71F41B2BCA9E0067E4DA /* SettingsTableViewController.m in Sources */,
				CE87CAC91AFAB9B70084C666 /* ProgramsTableViewCell.m in Sources */,
				CEB187941B18FAD600C86955 /* MessageOptionsTableViewCell.m in Sources */,
				CE14A8AD1B2227C60032664C /* LogInViewController.m in Sources */,
				CEA79FD61AEC7C0D00535B06 /* ProgramsTableViewController.m in Sources */,
				CE82943D1B38DB7C00B596E6 /* CongressionalMessageItem.m in Sources */,
				CEEF250E1B017BAA00EFB257 /* MessageItem.m in Sources */,
				CE2BF96C1B3E2CCC00AB15AC /* TempUser.m in Sources */,
				CE2BF96F1B3E517700AB15AC /* MakePhoneCallAPI.m in Sources */,
				CEEF25071B015ACA00EFB257 /* MessageTableViewController.m in Sources */,
				CE14A8B31B22D20B0032664C /* TweetTableViewDemoTableViewController.m in Sources */,
			);
			runOnlyForDeploymentPostprocessing = 0;
		};
		CE241A541AEAE45A00F22144 /* Sources */ = {
			isa = PBXSourcesBuildPhase;
			buildActionMask = 2147483647;
			files = (
				CE241A5F1AEAE45A00F22144 /* OingoTests.m in Sources */,
			);
			runOnlyForDeploymentPostprocessing = 0;
		};
/* End PBXSourcesBuildPhase section */

/* Begin PBXTargetDependency section */
		CE241A5A1AEAE45A00F22144 /* PBXTargetDependency */ = {
			isa = PBXTargetDependency;
			target = CE241A3B1AEAE45A00F22144 /* Oingo */;
			targetProxy = CE241A591AEAE45A00F22144 /* PBXContainerItemProxy */;
		};
/* End PBXTargetDependency section */

/* Begin PBXVariantGroup section */
		CE241A4C1AEAE45A00F22144 /* Main.storyboard */ = {
			isa = PBXVariantGroup;
			children = (
				CE241A4D1AEAE45A00F22144 /* Base */,
			);
			name = Main.storyboard;
			sourceTree = "<group>";
		};
		CE241A511AEAE45A00F22144 /* LaunchScreen.xib */ = {
			isa = PBXVariantGroup;
			children = (
				CE241A521AEAE45A00F22144 /* Base */,
			);
			name = LaunchScreen.xib;
			sourceTree = "<group>";
		};
/* End PBXVariantGroup section */

/* Begin XCBuildConfiguration section */
		CE241A601AEAE45A00F22144 /* Debug */ = {
			isa = XCBuildConfiguration;
			buildSettings = {
				ALWAYS_SEARCH_USER_PATHS = NO;
				CLANG_CXX_LANGUAGE_STANDARD = "gnu++0x";
				CLANG_CXX_LIBRARY = "libc++";
				CLANG_ENABLE_MODULES = YES;
				CLANG_ENABLE_OBJC_ARC = YES;
				CLANG_WARN_BOOL_CONVERSION = YES;
				CLANG_WARN_CONSTANT_CONVERSION = YES;
				CLANG_WARN_DIRECT_OBJC_ISA_USAGE = YES_ERROR;
				CLANG_WARN_EMPTY_BODY = YES;
				CLANG_WARN_ENUM_CONVERSION = YES;
				CLANG_WARN_INT_CONVERSION = YES;
				CLANG_WARN_OBJC_ROOT_CLASS = YES_ERROR;
				CLANG_WARN_UNREACHABLE_CODE = YES;
				CLANG_WARN__DUPLICATE_METHOD_MATCH = YES;
				"CODE_SIGN_IDENTITY[sdk=iphoneos*]" = "iPhone Developer";
				COPY_PHASE_STRIP = NO;
				ENABLE_STRICT_OBJC_MSGSEND = YES;
				GCC_C_LANGUAGE_STANDARD = gnu99;
				GCC_DYNAMIC_NO_PIC = NO;
				GCC_OPTIMIZATION_LEVEL = 0;
				GCC_PREPROCESSOR_DEFINITIONS = (
					"DEBUG=1",
					"$(inherited)",
				);
				GCC_SYMBOLS_PRIVATE_EXTERN = NO;
				GCC_WARN_64_TO_32_BIT_CONVERSION = YES;
				GCC_WARN_ABOUT_RETURN_TYPE = YES_ERROR;
				GCC_WARN_UNDECLARED_SELECTOR = YES;
				GCC_WARN_UNINITIALIZED_AUTOS = YES_AGGRESSIVE;
				GCC_WARN_UNUSED_FUNCTION = YES;
				GCC_WARN_UNUSED_VARIABLE = YES;
				IPHONEOS_DEPLOYMENT_TARGET = 8.2;
				MTL_ENABLE_DEBUG_INFO = YES;
				ONLY_ACTIVE_ARCH = YES;
				SDKROOT = iphoneos;
			};
			name = Debug;
		};
		CE241A611AEAE45A00F22144 /* Release */ = {
			isa = XCBuildConfiguration;
			buildSettings = {
				ALWAYS_SEARCH_USER_PATHS = NO;
				CLANG_CXX_LANGUAGE_STANDARD = "gnu++0x";
				CLANG_CXX_LIBRARY = "libc++";
				CLANG_ENABLE_MODULES = YES;
				CLANG_ENABLE_OBJC_ARC = YES;
				CLANG_WARN_BOOL_CONVERSION = YES;
				CLANG_WARN_CONSTANT_CONVERSION = YES;
				CLANG_WARN_DIRECT_OBJC_ISA_USAGE = YES_ERROR;
				CLANG_WARN_EMPTY_BODY = YES;
				CLANG_WARN_ENUM_CONVERSION = YES;
				CLANG_WARN_INT_CONVERSION = YES;
				CLANG_WARN_OBJC_ROOT_CLASS = YES_ERROR;
				CLANG_WARN_UNREACHABLE_CODE = YES;
				CLANG_WARN__DUPLICATE_METHOD_MATCH = YES;
				"CODE_SIGN_IDENTITY[sdk=iphoneos*]" = "iPhone Developer";
				COPY_PHASE_STRIP = NO;
				ENABLE_NS_ASSERTIONS = NO;
				ENABLE_STRICT_OBJC_MSGSEND = YES;
				GCC_C_LANGUAGE_STANDARD = gnu99;
				GCC_WARN_64_TO_32_BIT_CONVERSION = YES;
				GCC_WARN_ABOUT_RETURN_TYPE = YES_ERROR;
				GCC_WARN_UNDECLARED_SELECTOR = YES;
				GCC_WARN_UNINITIALIZED_AUTOS = YES_AGGRESSIVE;
				GCC_WARN_UNUSED_FUNCTION = YES;
				GCC_WARN_UNUSED_VARIABLE = YES;
				IPHONEOS_DEPLOYMENT_TARGET = 8.2;
				MTL_ENABLE_DEBUG_INFO = NO;
				SDKROOT = iphoneos;
				VALIDATE_PRODUCT = YES;
			};
			name = Release;
		};
		CE241A631AEAE45A00F22144 /* Debug */ = {
			isa = XCBuildConfiguration;
			baseConfigurationReference = 5CE63C3D6F3FE7E1F15E9983 /* Pods.debug.xcconfig */;
			buildSettings = {
				ASSETCATALOG_COMPILER_APPICON_NAME = AppIcon;
				CODE_SIGN_IDENTITY = "iPhone Developer";
				"CODE_SIGN_IDENTITY[sdk=iphoneos*]" = "iPhone Developer";
				FRAMEWORK_SEARCH_PATHS = (
					"$(inherited)",
					"$(PROJECT_DIR)/parse-library-1.7.2",
					"$(PROJECT_DIR)",
					"/Users/matthewacalin/Downloads/PFTwitterUtils-NativeTwitter-master/PFTwitterUtils+NativeTwitter",
					"$(PROJECT_DIR)/Oingo",
					/Users/matthewacalin/Documents/FacebookSDK,
				);
				INFOPLIST_FILE = Oingo/Info.plist;
				IPHONEOS_DEPLOYMENT_TARGET = 8.2;
				LD_RUNPATH_SEARCH_PATHS = "$(inherited) @executable_path/Frameworks";
				PRODUCT_NAME = "$(TARGET_NAME)";
				PROVISIONING_PROFILE = "";
				TARGETED_DEVICE_FAMILY = 1;
			};
			name = Debug;
		};
		CE241A641AEAE45A00F22144 /* Release */ = {
			isa = XCBuildConfiguration;
			baseConfigurationReference = 780012AA1BFB60E0EDD2FF35 /* Pods.release.xcconfig */;
			buildSettings = {
				ASSETCATALOG_COMPILER_APPICON_NAME = AppIcon;
				CODE_SIGN_IDENTITY = "iPhone Developer";
				"CODE_SIGN_IDENTITY[sdk=iphoneos*]" = "iPhone Developer";
				FRAMEWORK_SEARCH_PATHS = (
					"$(inherited)",
					"$(PROJECT_DIR)/parse-library-1.7.2",
					"$(PROJECT_DIR)",
					"/Users/matthewacalin/Downloads/PFTwitterUtils-NativeTwitter-master/PFTwitterUtils+NativeTwitter",
					"$(PROJECT_DIR)/Oingo",
					/Users/matthewacalin/Documents/FacebookSDK,
				);
				INFOPLIST_FILE = Oingo/Info.plist;
				IPHONEOS_DEPLOYMENT_TARGET = 8.2;
				LD_RUNPATH_SEARCH_PATHS = "$(inherited) @executable_path/Frameworks";
				PRODUCT_NAME = "$(TARGET_NAME)";
				PROVISIONING_PROFILE = "";
				TARGETED_DEVICE_FAMILY = 1;
			};
			name = Release;
		};
		CE241A661AEAE45A00F22144 /* Debug */ = {
			isa = XCBuildConfiguration;
			buildSettings = {
				BUNDLE_LOADER = "$(TEST_HOST)";
				FRAMEWORK_SEARCH_PATHS = (
					"$(SDKROOT)/Developer/Library/Frameworks",
					"$(inherited)",
				);
				GCC_PREPROCESSOR_DEFINITIONS = (
					"DEBUG=1",
					"$(inherited)",
				);
				INFOPLIST_FILE = OingoTests/Info.plist;
				LD_RUNPATH_SEARCH_PATHS = "$(inherited) @executable_path/Frameworks @loader_path/Frameworks";
				PRODUCT_NAME = "$(TARGET_NAME)";
				TEST_HOST = "$(BUILT_PRODUCTS_DIR)/Oingo.app/Oingo";
			};
			name = Debug;
		};
		CE241A671AEAE45A00F22144 /* Release */ = {
			isa = XCBuildConfiguration;
			buildSettings = {
				BUNDLE_LOADER = "$(TEST_HOST)";
				FRAMEWORK_SEARCH_PATHS = (
					"$(SDKROOT)/Developer/Library/Frameworks",
					"$(inherited)",
				);
				INFOPLIST_FILE = OingoTests/Info.plist;
				LD_RUNPATH_SEARCH_PATHS = "$(inherited) @executable_path/Frameworks @loader_path/Frameworks";
				PRODUCT_NAME = "$(TARGET_NAME)";
				TEST_HOST = "$(BUILT_PRODUCTS_DIR)/Oingo.app/Oingo";
			};
			name = Release;
		};
/* End XCBuildConfiguration section */

/* Begin XCConfigurationList section */
		CE241A371AEAE45A00F22144 /* Build configuration list for PBXProject "Oingo" */ = {
			isa = XCConfigurationList;
			buildConfigurations = (
				CE241A601AEAE45A00F22144 /* Debug */,
				CE241A611AEAE45A00F22144 /* Release */,
			);
			defaultConfigurationIsVisible = 0;
			defaultConfigurationName = Release;
		};
		CE241A621AEAE45A00F22144 /* Build configuration list for PBXNativeTarget "Oingo" */ = {
			isa = XCConfigurationList;
			buildConfigurations = (
				CE241A631AEAE45A00F22144 /* Debug */,
				CE241A641AEAE45A00F22144 /* Release */,
			);
			defaultConfigurationIsVisible = 0;
			defaultConfigurationName = Release;
		};
		CE241A651AEAE45A00F22144 /* Build configuration list for PBXNativeTarget "OingoTests" */ = {
			isa = XCConfigurationList;
			buildConfigurations = (
				CE241A661AEAE45A00F22144 /* Debug */,
				CE241A671AEAE45A00F22144 /* Release */,
			);
			defaultConfigurationIsVisible = 0;
			defaultConfigurationName = Release;
		};
/* End XCConfigurationList section */

/* Begin XCVersionGroup section */
		CE241A461AEAE45A00F22144 /* Oingo.xcdatamodeld */ = {
			isa = XCVersionGroup;
			children = (
				CE241A471AEAE45A00F22144 /* Oingo.xcdatamodel */,
			);
			currentVersion = CE241A471AEAE45A00F22144 /* Oingo.xcdatamodel */;
			path = Oingo.xcdatamodeld;
			sourceTree = "<group>";
			versionGroupType = wrapper.xcdatamodel;
		};
/* End XCVersionGroup section */
	};
	rootObject = CE241A341AEAE45A00F22144 /* Project object */;
}
